{
  "name": "moment-ferie-alsace-moselle",
  "version": "1.0.0",
  "lockfileVersion": 2,
  "requires": true,
  "packages": {
    "": {
      "name": "moment-ferie-alsace-moselle",
      "version": "1.0.0",
      "dependencies": {
        "moment": "^2.29.1",
        "moment-ferie-fr": "^0.2.1"
      }
    },
    "node_modules/moment": {
      "version": "2.29.1",
      "resolved": "https://registry.npmjs.org/moment/-/moment-2.29.1.tgz",
      "integrity": "sha512-kHmoybcPV8Sqy59DwNDY3Jefr64lK/by/da0ViFcuA4DH0vQg5Q6Ze5VimxkfQNSC+Mls/Kx53s7TjP1RhFEDQ==",
      "engines": {
        "node": "*"
      }
    },
    "node_modules/moment-ferie-fr": {
      "version": "0.2.1",
      "resolved": "https://registry.npmjs.org/moment-ferie-fr/-/moment-ferie-fr-0.2.1.tgz",
      "integrity": "sha1-diEm3DXYP6BGp2RKlqLCuC8+o3c=",
      "dependencies": {
        "moment": "^2.4.0"
      }
    }
  },
  "dependencies": {
    "moment": {
      "version": "2.29.1",
      "resolved": "https://registry.npmjs.org/moment/-/moment-2.29.1.tgz",
      "integrity": "sha512-kHmoybcPV8Sqy59DwNDY3Jefr64lK/by/da0ViFcuA4DH0vQg5Q6Ze5VimxkfQNSC+Mls/Kx53s7TjP1RhFEDQ=="
    },
    "moment-ferie-fr": {
      "version": "0.2.1",
      "resolved": "https://registry.npmjs.org/moment-ferie-fr/-/moment-ferie-fr-0.2.1.tgz",
      "integrity": "sha1-diEm3DXYP6BGp2RKlqLCuC8+o3c=",
      "requires": {
        "moment": "^2.4.0"
      }
    }
  }
}
